PODS:
  - Smart-Display-SDK (7.23.2)

DEPENDENCIES:
  - Smart-Display-SDK (~> 7.23.2)

SPEC REPOS:
  https://github.com/CocoaPods/Specs.git:
    - Smart-Display-SDK

SPEC CHECKSUMS:
  Smart-Display-SDK: fbb30f5f225a6a86439ab590ba5a3082c6973b78

PODFILE CHECKSUM: 523e0b89754eb6ffaacaa8acfeb526fd96108c20

COCOAPODS: 1.15.2
