PODS:
  - Smart-Core-SDK (7.21.0)
  - Smart-Display-SDK (7.21.0):
    - Smart-Core-SDK (~> 7.21)

DEPENDENCIES:
  - Smart-Display-SDK (~> 7.21.0)

SPEC REPOS:
  https://github.com/CocoaPods/Specs.git:
    - Smart-Core-SDK
    - Smart-Display-SDK

SPEC CHECKSUMS:
  Smart-Core-SDK: 53921bda3055eadd89c3b9a3d7b50d92c19c4b8d
  Smart-Display-SDK: e824ba0e1e569071585ecb3a1afe24b6348366c1

PODFILE CHECKSUM: 42616abfb18ae21db5174c907f046939e2ccf13a

COCOAPODS: 1.12.0
