PODS:
  - Smart-Core-SDK (7.12.0)
  - Smart-Display-SDK (7.12.0):
    - Smart-Core-SDK (~> 7.12)

DEPENDENCIES:
  - Smart-Display-SDK (~> 7.12.0)

SPEC REPOS:
  https://github.com/CocoaPods/Specs.git:
    - Smart-Core-SDK
    - Smart-Display-SDK

SPEC CHECKSUMS:
  Smart-Core-SDK: e881969bd695ec3ae1d03100703a19b657cba9c3
  Smart-Display-SDK: 7fccb0a15bb820adea66e31fff937888811e2529

PODFILE CHECKSUM: 8200b3d7918e76f87a809af533f09b42406e55a5

COCOAPODS: 1.10.1
