PODS:
  - Smart-Core-SDK (7.2.0)
  - Smart-Display-SDK (7.2.1):
    - Smart-Core-SDK (~> 7.2)

DEPENDENCIES:
  - Smart-Display-SDK (~> 7.2.1)

SPEC REPOS:
  https://github.com/CocoaPods/Specs.git:
    - Smart-Core-SDK
    - Smart-Display-SDK

SPEC CHECKSUMS:
  Smart-Core-SDK: ec027649dedadf778616c718283795b83155e3fa
  Smart-Display-SDK: e89bad8ce035f56cef48ba3099589429261adf96

PODFILE CHECKSUM: 7ad1de2f996c43eafa0b1b5a65ebe9ba017c4004

COCOAPODS: 1.8.3
