PODS:
  - Smart-Core-SDK (7.3.0)
  - Smart-Display-SDK (7.3.0):
    - Smart-Core-SDK (~> 7.3)

DEPENDENCIES:
  - Smart-Display-SDK (~> 7.3.0)

SPEC REPOS:
  https://github.com/CocoaPods/Specs.git:
    - Smart-Core-SDK
    - Smart-Display-SDK

SPEC CHECKSUMS:
  Smart-Core-SDK: d3dc366a1af946d13d737ee211d5be33dc1ed60b
  Smart-Display-SDK: 456e40172c84534426c1baae6e8899da0b29d408

PODFILE CHECKSUM: 22eeee1b7252190b2aae5397d4b44d02f97e0571

COCOAPODS: 1.8.4
