PODS:
  - Smart-Core-SDK (7.17.0)
  - Smart-Display-SDK (7.17.0):
    - Smart-Core-SDK (~> 7.17)

DEPENDENCIES:
  - Smart-Display-SDK (~> 7.17.0)

SPEC REPOS:
  https://github.com/CocoaPods/Specs.git:
    - Smart-Core-SDK
    - Smart-Display-SDK

SPEC CHECKSUMS:
  Smart-Core-SDK: 2f7ace8d71315cb2d864ada9c756f2d1d36d5c11
  Smart-Display-SDK: bdd450cda22cbcd0e3552c43ee6eeaf82c5df19d

PODFILE CHECKSUM: 81cf9c1913a1be692aadcf5d7f005925d7609f82

COCOAPODS: 1.11.2
