PODS:
  - Smart-Core-SDK (7.0.1)
  - Smart-Display-SDK (7.0.1):
    - Smart-Core-SDK (~> 7.0)

DEPENDENCIES:
  - Smart-Display-SDK (~> 7.0.1)

SPEC REPOS:
  https://github.com/cocoapods/specs.git:
    - Smart-Core-SDK
    - Smart-Display-SDK

SPEC CHECKSUMS:
  Smart-Core-SDK: f73925e1248e4643be351fe5d851ba15f5e8df85
  Smart-Display-SDK: f0bb5915b0d49028d2197db4b26062230f7e5fb4

PODFILE CHECKSUM: 4776e1f0df8d16d71cff2af1d6eecd25416bd9ed

COCOAPODS: 1.5.3
